version = 1
revision = 3
requires-python = ">=3.12"

[[package]]
name = "pdf"
version = "0.1.0"
source = { virtual = "." }
dependencies = [
    { name = "pypdf" },
]

[package.metadata]
requires-dist = [{ name = "pypdf", specifier = ">=6.1.1" }]

[[package]]
name = "pypdf"
version = "6.1.1"
source = { registry = "https://pypi.org/simple" }
sdist = { url = "https://files.pythonhosted.org/packages/a6/85/4c0f12616db83c2e3ef580c3cfa98bd082e88fc8d02e136bad3bede1e3fa/pypdf-6.1.1.tar.gz", hash = "sha256:10f44d49bf2a82e54c3c5ba3cdcbb118f2a44fc57df8ce51d6fb9b1ed9bfbe8b", size = 5074507, upload-time = "2025-09-28T13:29:16.165Z" }
wheels = [
    { url = "https://files.pythonhosted.org/packages/07/ed/adae13756d9dabdddee483fc7712905bb5585fbf6e922b1a19aca3a29cd1/pypdf-6.1.1-py3-none-any.whl", hash = "sha256:7781f99493208a37a7d4275601d883e19af24e62a525c25844d22157c2e4cde7", size = 323455, upload-time = "2025-09-28T13:29:14.392Z" },
]
