{
  "name": "learnnode",
  "version": "1.0.0",
  "lockfileVersion": 2,
  "requires": true,
  "packages": {
    "": {
      "name": "learnnode",
      "version": "1.0.0",
      "license": "ISC"
    },
    "helloworld": {
      "name": "helloworldsummerfang",
      "version": "1.0.0",
      "extraneous": true,
      "license": "ISC"
    }
  }
}
